{
  "nodes": {
    "flake-parts": {
      "inputs": {
        "nixpkgs-lib": "nixpkgs-lib"
      },
      "locked": {
        "lastModified": 1768135262,
        "narHash": "sha256-PVvu7OqHBGWN16zSi6tEmPwwHQ4rLPU9Plvs8/1TUBY=",
        "owner": "hercules-ci",
        "repo": "flake-parts",
        "rev": "80daad04eddbbf5a4d883996a73f3f542fa437ac",
        "type": "github"
      },
      "original": {
        "owner": "hercules-ci",
        "repo": "flake-parts",
        "type": "github"
      }
    },
    "mdx07-binaries": {
      "flake": false,
      "locked": {
        "lastModified": 1769422811,
        "narHash": "sha256-U3P5YcUZV06xx6xfFCj3C8cSECmLNW+1bUzCP50hy18=",
        "ref": "refs/heads/main",
        "rev": "2597eab47fe4a58a1392c682976a1b04a23b7462",
        "revCount": 14,
        "type": "git",
        "url": "https://git.chalmers.se/erik.sintorn/mdx07-binaries.git"
      },
      "original": {
        "type": "git",
        "url": "https://git.chalmers.se/erik.sintorn/mdx07-binaries.git"
      }
    },
    "mdx07-templates-library": {
      "flake": false,
      "locked": {
        "lastModified": 1769595060,
        "narHash": "sha256-b2awaAzAAqsabNio5hxxPiFovXEHcxUjHueRwkKOxdc=",
        "ref": "refs/heads/main",
        "rev": "0777aac07f8282ecab2d18b3868d79258a64dd83",
        "revCount": 75,
        "type": "git",
        "url": "https://git.chalmers.se/haelias/mdx07-templates-library.git"
      },
      "original": {
        "type": "git",
        "url": "https://git.chalmers.se/haelias/mdx07-templates-library.git"
      }
    },
    "nixpkgs": {
      "locked": {
        "lastModified": 1769433173,
        "narHash": "sha256-Gf1dFYgD344WZ3q0LPlRoWaNdNQq8kSBDLEWulRQSEs=",
        "owner": "NixOS",
        "repo": "nixpkgs",
        "rev": "13b0f9e6ac78abbbb736c635d87845c4f4bee51b",
        "type": "github"
      },
      "original": {
        "owner": "NixOS",
        "ref": "nixpkgs-unstable",
        "repo": "nixpkgs",
        "type": "github"
      }
    },
    "nixpkgs-lib": {
      "locked": {
        "lastModified": 1765674936,
        "narHash": "sha256-k00uTP4JNfmejrCLJOwdObYC9jHRrr/5M/a/8L2EIdo=",
        "owner": "nix-community",
        "repo": "nixpkgs.lib",
        "rev": "2075416fcb47225d9b68ac469a5c4801a9c4dd85",
        "type": "github"
      },
      "original": {
        "owner": "nix-community",
        "repo": "nixpkgs.lib",
        "type": "github"
      }
    },
    "nixvim": {
      "inputs": {
        "flake-parts": [
          "flake-parts"
        ],
        "nixpkgs": [
          "nixpkgs"
        ],
        "systems": "systems"
      },
      "locked": {
        "lastModified": 1769418848,
        "narHash": "sha256-jLSg9IkglcIw64kU1utXxsxXhiVdD45dkh9ZJKaFQ7U=",
        "owner": "nix-community",
        "repo": "nixvim",
        "rev": "c19a0517ddeed4c1548611e42e187048fc2e5dcf",
        "type": "github"
      },
      "original": {
        "owner": "nix-community",
        "repo": "nixvim",
        "type": "github"
      }
    },
    "root": {
      "inputs": {
        "flake-parts": "flake-parts",
        "mdx07-binaries": "mdx07-binaries",
        "mdx07-templates-library": "mdx07-templates-library",
        "nixpkgs": "nixpkgs",
        "nixvim": "nixvim"
      }
    },
    "systems": {
      "locked": {
        "lastModified": 1681028828,
        "narHash": "sha256-Vy1rq5AaRuLzOxct8nz4T6wlgyUR7zLU309k9mBC768=",
        "owner": "nix-systems",
        "repo": "default",
        "rev": "da67096a3b9bf56a91d16901293e51ba5b49a27e",
        "type": "github"
      },
      "original": {
        "owner": "nix-systems",
        "repo": "default",
        "type": "github"
      }
    }
  },
  "root": "root",
  "version": 7
}
